
Microsoft Visual Studio Solution File, Format Version 12.00
# Visual Studio Version 16
VisualStudioVersion = 16.0.31702.278
MinimumVisualStudioVersion = 10.0.40219.1
Project("{8BC9CEB8-8B4A-11D0-8D11-00A0C91BC942}") = "escape project", "escape project\escape project.vcxproj", "{D5793C21-A9DB-4ABF-BE61-5151454D4799}"
EndProject
Global
	GlobalSection(SolutionConfigurationPlatforms) = preSolution
		Debug|x64 = Debug|x64
		Debug|x86 = Debug|x86
		Release|x64 = Release|x64
		Release|x86 = Release|x86
	EndGlobalSection
	GlobalSection(ProjectConfigurationPlatforms) = postSolution
		{D5793C21-A9DB-4ABF-BE61-5151454D4799}.Debug|x64.ActiveCfg = Debug|x64
		{D5793C21-A9DB-4ABF-BE61-5151454D4799}.Debug|x64.Build.0 = Debug|x64
		{D5793C21-A9DB-4ABF-BE61-5151454D4799}.Debug|x86.ActiveCfg = Debug|Win32
		{D5793C21-A9DB-4ABF-BE61-5151454D4799}.Debug|x86.Build.0 = Debug|Win32
		{D5793C21-A9DB-4ABF-BE61-5151454D4799}.Release|x64.ActiveCfg = Release|x64
		{D5793C21-A9DB-4ABF-BE61-5151454D4799}.Release|x64.Build.0 = Release|x64
		{D5793C21-A9DB-4ABF-BE61-5151454D4799}.Release|x86.ActiveCfg = Release|Win32
		{D5793C21-A9DB-4ABF-BE61-5151454D4799}.Release|x86.Build.0 = Release|Win32
	EndGlobalSection
	GlobalSection(SolutionProperties) = preSolution
		HideSolutionNode = FALSE
	EndGlobalSection
	GlobalSection(ExtensibilityGlobals) = postSolution
		SolutionGuid = {45DBF585-EE04-482C-B2E9-9E9409FD67D5}
	EndGlobalSection
EndGlobal
